
Microsoft Visual Studio Solution File, Format Version 12.00
# Visual Studio Version 17
VisualStudioVersion = 17.2.32526.322
MinimumVisualStudioVersion = 10.0.40219.1
Project("{9A19103F-16F7-4668-BE54-9A1E7A4F7556}") = "AlunoApplication", "AlunoApplication\AlunoApplication.csproj", "{BC9342E6-75E4-4BED-8637-DDF00B8643CB}"
	ProjectSection(ProjectDependencies) = postProject
		{932C084E-0674-4712-B62A-E8840198106A} = {932C084E-0674-4712-B62A-E8840198106A}
		{C59EF272-5C4E-40A4-980A-FD21BFF5E3CD} = {C59EF272-5C4E-40A4-980A-FD21BFF5E3CD}
	EndProjectSection
EndProject
Project("{9A19103F-16F7-4668-BE54-9A1E7A4F7556}") = "Domain", "Domain\Domain.csproj", "{F3157A8A-1F3D-4D37-9ED8-8C8186AD6C1D}"
EndProject
Project("{9A19103F-16F7-4668-BE54-9A1E7A4F7556}") = "Data", "Data\Data.csproj", "{C59EF272-5C4E-40A4-980A-FD21BFF5E3CD}"
EndProject
Project("{9A19103F-16F7-4668-BE54-9A1E7A4F7556}") = "IoC", "IoC\IoC.csproj", "{932C084E-0674-4712-B62A-E8840198106A}"
EndProject
Global
	GlobalSection(SolutionConfigurationPlatforms) = preSolution
		Debug|Any CPU = Debug|Any CPU
		Release|Any CPU = Release|Any CPU
	EndGlobalSection
	GlobalSection(ProjectConfigurationPlatforms) = postSolution
		{BC9342E6-75E4-4BED-8637-DDF00B8643CB}.Debug|Any CPU.ActiveCfg = Debug|Any CPU
		{BC9342E6-75E4-4BED-8637-DDF00B8643CB}.Debug|Any CPU.Build.0 = Debug|Any CPU
		{BC9342E6-75E4-4BED-8637-DDF00B8643CB}.Release|Any CPU.ActiveCfg = Release|Any CPU
		{BC9342E6-75E4-4BED-8637-DDF00B8643CB}.Release|Any CPU.Build.0 = Release|Any CPU
		{F3157A8A-1F3D-4D37-9ED8-8C8186AD6C1D}.Debug|Any CPU.ActiveCfg = Debug|Any CPU
		{F3157A8A-1F3D-4D37-9ED8-8C8186AD6C1D}.Debug|Any CPU.Build.0 = Debug|Any CPU
		{F3157A8A-1F3D-4D37-9ED8-8C8186AD6C1D}.Release|Any CPU.ActiveCfg = Release|Any CPU
		{F3157A8A-1F3D-4D37-9ED8-8C8186AD6C1D}.Release|Any CPU.Build.0 = Release|Any CPU
		{C59EF272-5C4E-40A4-980A-FD21BFF5E3CD}.Debug|Any CPU.ActiveCfg = Debug|Any CPU
		{C59EF272-5C4E-40A4-980A-FD21BFF5E3CD}.Debug|Any CPU.Build.0 = Debug|Any CPU
		{C59EF272-5C4E-40A4-980A-FD21BFF5E3CD}.Release|Any CPU.ActiveCfg = Release|Any CPU
		{C59EF272-5C4E-40A4-980A-FD21BFF5E3CD}.Release|Any CPU.Build.0 = Release|Any CPU
		{932C084E-0674-4712-B62A-E8840198106A}.Debug|Any CPU.ActiveCfg = Debug|Any CPU
		{932C084E-0674-4712-B62A-E8840198106A}.Debug|Any CPU.Build.0 = Debug|Any CPU
		{932C084E-0674-4712-B62A-E8840198106A}.Release|Any CPU.ActiveCfg = Release|Any CPU
		{932C084E-0674-4712-B62A-E8840198106A}.Release|Any CPU.Build.0 = Release|Any CPU
	EndGlobalSection
	GlobalSection(SolutionProperties) = preSolution
		HideSolutionNode = FALSE
	EndGlobalSection
	GlobalSection(ExtensibilityGlobals) = postSolution
		SolutionGuid = {0726E8E3-7215-47D8-BCDE-B0676471F0E3}
	EndGlobalSection
EndGlobal
